
Microsoft Visual Studio Solution File, Format Version 12.00
# Visual Studio 15
VisualStudioVersion = 15.0.28307.102
MinimumVisualStudioVersion = 10.0.40219.1
Project("{8BC9CEB8-8B4A-11D0-8D11-00A0C91BC942}") = "26.2.2019", "26.2.2019\26.2.2019.vcxproj", "{519C4587-7915-4C63-BD06-DBB962C7159B}"
EndProject
Global
	GlobalSection(SolutionConfigurationPlatforms) = preSolution
		Debug|x64 = Debug|x64
		Debug|x86 = Debug|x86
		Release|x64 = Release|x64
		Release|x86 = Release|x86
	EndGlobalSection
	GlobalSection(ProjectConfigurationPlatforms) = postSolution
		{519C4587-7915-4C63-BD06-DBB962C7159B}.Debug|x64.ActiveCfg = Debug|x64
		{519C4587-7915-4C63-BD06-DBB962C7159B}.Debug|x64.Build.0 = Debug|x64
		{519C4587-7915-4C63-BD06-DBB962C7159B}.Debug|x86.ActiveCfg = Debug|Win32
		{519C4587-7915-4C63-BD06-DBB962C7159B}.Debug|x86.Build.0 = Debug|Win32
		{519C4587-7915-4C63-BD06-DBB962C7159B}.Release|x64.ActiveCfg = Release|x64
		{519C4587-7915-4C63-BD06-DBB962C7159B}.Release|x64.Build.0 = Release|x64
		{519C4587-7915-4C63-BD06-DBB962C7159B}.Release|x86.ActiveCfg = Release|Win32
		{519C4587-7915-4C63-BD06-DBB962C7159B}.Release|x86.Build.0 = Release|Win32
	EndGlobalSection
	GlobalSection(SolutionProperties) = preSolution
		HideSolutionNode = FALSE
	EndGlobalSection
	GlobalSection(ExtensibilityGlobals) = postSolution
		SolutionGuid = {9B241253-548B-4161-8EF7-32796270170B}
	EndGlobalSection
EndGlobal
